
Microsoft Visual Studio Solution File, Format Version 12.00
# Visual Studio 15
VisualStudioVersion = 15.0.28307.960
MinimumVisualStudioVersion = 10.0.40219.1
Project("{2150E333-8FDC-42A3-9474-1A3956D46DE8}") = "Common", "Common", "{89E27FAC-41EE-47EB-B2AA-EF3958DA1C5E}"
EndProject
Project("{9A19103F-16F7-4668-BE54-9A1E7A4F7556}") = "BankEntityManagement.Database", "BankEntityManagement.Database\BankEntityManagement.Database.csproj", "{F78408EA-5C44-464D-8C79-0D9B12ECC047}"
EndProject
Project("{9A19103F-16F7-4668-BE54-9A1E7A4F7556}") = "BankEntityManagement.Service", "BankEntityManagement.Service\BankEntityManagement.Service.csproj", "{A9FB1FCE-F450-4E3D-ADCD-3FCC7DF9E57F}"
EndProject
Project("{2150E333-8FDC-42A3-9474-1A3956D46DE8}") = "Microservices", "Microservices", "{24E1B759-978D-4444-93B8-E473250172D9}"
EndProject
Project("{9A19103F-16F7-4668-BE54-9A1E7A4F7556}") = "BankEntityManagement.Api", "ApiGeteway\BankEntityManagement.Api.csproj", "{8EF6B490-AB7E-4030-8FC4-47A693AC93A7}"
EndProject
Project("{9A19103F-16F7-4668-BE54-9A1E7A4F7556}") = "BackEntityManagement.Repository", "BackEntityManagement.Repository\BackEntityManagement.Repository.csproj", "{0CB3C5E9-3BF9-4374-BE59-A0B0C9791B16}"
EndProject
Project("{9A19103F-16F7-4668-BE54-9A1E7A4F7556}") = "BackEntityManagement.Infrastructure", "BackEntityManagement.Infrastructure\BackEntityManagement.Infrastructure.csproj", "{A3B11D04-8027-402C-9325-FA2EE9D2B342}"
EndProject
Project("{2150E333-8FDC-42A3-9474-1A3956D46DE8}") = "Tests", "Tests", "{B0BBF9EC-5B0E-48E7-8A77-79DBE7B80F20}"
EndProject
Project("{9A19103F-16F7-4668-BE54-9A1E7A4F7556}") = "BackEntityManagement.Tests", "BackEntityManagement.Tests\BackEntityManagement.Tests.csproj", "{7983F683-10E0-4C56-B5EA-30B54E2832E9}"
EndProject
Project("{9A19103F-16F7-4668-BE54-9A1E7A4F7556}") = "BackEntityManagement.Helpers", "BackEntityManagement.Helpers\BackEntityManagement.Helpers.csproj", "{B87EB23D-AFC8-4135-835A-2BF5AB4CE6CF}"
EndProject
Global
	GlobalSection(SolutionConfigurationPlatforms) = preSolution
		Debug|Any CPU = Debug|Any CPU
		Debug|ARM = Debug|ARM
		Debug|ARM64 = Debug|ARM64
		Debug|x64 = Debug|x64
		Debug|x86 = Debug|x86
		Release|Any CPU = Release|Any CPU
		Release|ARM = Release|ARM
		Release|ARM64 = Release|ARM64
		Release|x64 = Release|x64
		Release|x86 = Release|x86
	EndGlobalSection
	GlobalSection(ProjectConfigurationPlatforms) = postSolution
		{F78408EA-5C44-464D-8C79-0D9B12ECC047}.Debug|Any CPU.ActiveCfg = Debug|Any CPU
		{F78408EA-5C44-464D-8C79-0D9B12ECC047}.Debug|Any CPU.Build.0 = Debug|Any CPU
		{F78408EA-5C44-464D-8C79-0D9B12ECC047}.Debug|ARM.ActiveCfg = Debug|Any CPU
		{F78408EA-5C44-464D-8C79-0D9B12ECC047}.Debug|ARM.Build.0 = Debug|Any CPU
		{F78408EA-5C44-464D-8C79-0D9B12ECC047}.Debug|ARM64.ActiveCfg = Debug|Any CPU
		{F78408EA-5C44-464D-8C79-0D9B12ECC047}.Debug|ARM64.Build.0 = Debug|Any CPU
		{F78408EA-5C44-464D-8C79-0D9B12ECC047}.Debug|x64.ActiveCfg = Debug|Any CPU
		{F78408EA-5C44-464D-8C79-0D9B12ECC047}.Debug|x64.Build.0 = Debug|Any CPU
		{F78408EA-5C44-464D-8C79-0D9B12ECC047}.Debug|x86.ActiveCfg = Debug|Any CPU
		{F78408EA-5C44-464D-8C79-0D9B12ECC047}.Debug|x86.Build.0 = Debug|Any CPU
		{F78408EA-5C44-464D-8C79-0D9B12ECC047}.Release|Any CPU.ActiveCfg = Release|Any CPU
		{F78408EA-5C44-464D-8C79-0D9B12ECC047}.Release|Any CPU.Build.0 = Release|Any CPU
		{F78408EA-5C44-464D-8C79-0D9B12ECC047}.Release|ARM.ActiveCfg = Release|Any CPU
		{F78408EA-5C44-464D-8C79-0D9B12ECC047}.Release|ARM.Build.0 = Release|Any CPU
		{F78408EA-5C44-464D-8C79-0D9B12ECC047}.Release|ARM64.ActiveCfg = Release|Any CPU
		{F78408EA-5C44-464D-8C79-0D9B12ECC047}.Release|ARM64.Build.0 = Release|Any CPU
		{F78408EA-5C44-464D-8C79-0D9B12ECC047}.Release|x64.ActiveCfg = Release|Any CPU
		{F78408EA-5C44-464D-8C79-0D9B12ECC047}.Release|x64.Build.0 = Release|Any CPU
		{F78408EA-5C44-464D-8C79-0D9B12ECC047}.Release|x86.ActiveCfg = Release|Any CPU
		{F78408EA-5C44-464D-8C79-0D9B12ECC047}.Release|x86.Build.0 = Release|Any CPU
		{A9FB1FCE-F450-4E3D-ADCD-3FCC7DF9E57F}.Debug|Any CPU.ActiveCfg = Debug|Any CPU
		{A9FB1FCE-F450-4E3D-ADCD-3FCC7DF9E57F}.Debug|Any CPU.Build.0 = Debug|Any CPU
		{A9FB1FCE-F450-4E3D-ADCD-3FCC7DF9E57F}.Debug|ARM.ActiveCfg = Debug|Any CPU
		{A9FB1FCE-F450-4E3D-ADCD-3FCC7DF9E57F}.Debug|ARM.Build.0 = Debug|Any CPU
		{A9FB1FCE-F450-4E3D-ADCD-3FCC7DF9E57F}.Debug|ARM64.ActiveCfg = Debug|Any CPU
		{A9FB1FCE-F450-4E3D-ADCD-3FCC7DF9E57F}.Debug|ARM64.Build.0 = Debug|Any CPU
		{A9FB1FCE-F450-4E3D-ADCD-3FCC7DF9E57F}.Debug|x64.ActiveCfg = Debug|Any CPU
		{A9FB1FCE-F450-4E3D-ADCD-3FCC7DF9E57F}.Debug|x64.Build.0 = Debug|Any CPU
		{A9FB1FCE-F450-4E3D-ADCD-3FCC7DF9E57F}.Debug|x86.ActiveCfg = Debug|Any CPU
		{A9FB1FCE-F450-4E3D-ADCD-3FCC7DF9E57F}.Debug|x86.Build.0 = Debug|Any CPU
		{A9FB1FCE-F450-4E3D-ADCD-3FCC7DF9E57F}.Release|Any CPU.ActiveCfg = Release|Any CPU
		{A9FB1FCE-F450-4E3D-ADCD-3FCC7DF9E57F}.Release|Any CPU.Build.0 = Release|Any CPU
		{A9FB1FCE-F450-4E3D-ADCD-3FCC7DF9E57F}.Release|ARM.ActiveCfg = Release|Any CPU
		{A9FB1FCE-F450-4E3D-ADCD-3FCC7DF9E57F}.Release|ARM.Build.0 = Release|Any CPU
		{A9FB1FCE-F450-4E3D-ADCD-3FCC7DF9E57F}.Release|ARM64.ActiveCfg = Release|Any CPU
		{A9FB1FCE-F450-4E3D-ADCD-3FCC7DF9E57F}.Release|ARM64.Build.0 = Release|Any CPU
		{A9FB1FCE-F450-4E3D-ADCD-3FCC7DF9E57F}.Release|x64.ActiveCfg = Release|Any CPU
		{A9FB1FCE-F450-4E3D-ADCD-3FCC7DF9E57F}.Release|x64.Build.0 = Release|Any CPU
		{A9FB1FCE-F450-4E3D-ADCD-3FCC7DF9E57F}.Release|x86.ActiveCfg = Release|Any CPU
		{A9FB1FCE-F450-4E3D-ADCD-3FCC7DF9E57F}.Release|x86.Build.0 = Release|Any CPU
		{8EF6B490-AB7E-4030-8FC4-47A693AC93A7}.Debug|Any CPU.ActiveCfg = Debug|Any CPU
		{8EF6B490-AB7E-4030-8FC4-47A693AC93A7}.Debug|Any CPU.Build.0 = Debug|Any CPU
		{8EF6B490-AB7E-4030-8FC4-47A693AC93A7}.Debug|ARM.ActiveCfg = Debug|Any CPU
		{8EF6B490-AB7E-4030-8FC4-47A693AC93A7}.Debug|ARM.Build.0 = Debug|Any CPU
		{8EF6B490-AB7E-4030-8FC4-47A693AC93A7}.Debug|ARM64.ActiveCfg = Debug|Any CPU
		{8EF6B490-AB7E-4030-8FC4-47A693AC93A7}.Debug|ARM64.Build.0 = Debug|Any CPU
		{8EF6B490-AB7E-4030-8FC4-47A693AC93A7}.Debug|x64.ActiveCfg = Debug|Any CPU
		{8EF6B490-AB7E-4030-8FC4-47A693AC93A7}.Debug|x64.Build.0 = Debug|Any CPU
		{8EF6B490-AB7E-4030-8FC4-47A693AC93A7}.Debug|x86.ActiveCfg = Debug|Any CPU
		{8EF6B490-AB7E-4030-8FC4-47A693AC93A7}.Debug|x86.Build.0 = Debug|Any CPU
		{8EF6B490-AB7E-4030-8FC4-47A693AC93A7}.Release|Any CPU.ActiveCfg = Release|Any CPU
		{8EF6B490-AB7E-4030-8FC4-47A693AC93A7}.Release|Any CPU.Build.0 = Release|Any CPU
		{8EF6B490-AB7E-4030-8FC4-47A693AC93A7}.Release|ARM.ActiveCfg = Release|Any CPU
		{8EF6B490-AB7E-4030-8FC4-47A693AC93A7}.Release|ARM.Build.0 = Release|Any CPU
		{8EF6B490-AB7E-4030-8FC4-47A693AC93A7}.Release|ARM64.ActiveCfg = Release|Any CPU
		{8EF6B490-AB7E-4030-8FC4-47A693AC93A7}.Release|ARM64.Build.0 = Release|Any CPU
		{8EF6B490-AB7E-4030-8FC4-47A693AC93A7}.Release|x64.ActiveCfg = Release|Any CPU
		{8EF6B490-AB7E-4030-8FC4-47A693AC93A7}.Release|x64.Build.0 = Release|Any CPU
		{8EF6B490-AB7E-4030-8FC4-47A693AC93A7}.Release|x86.ActiveCfg = Release|Any CPU
		{8EF6B490-AB7E-4030-8FC4-47A693AC93A7}.Release|x86.Build.0 = Release|Any CPU
		{0CB3C5E9-3BF9-4374-BE59-A0B0C9791B16}.Debug|Any CPU.ActiveCfg = Debug|Any CPU
		{0CB3C5E9-3BF9-4374-BE59-A0B0C9791B16}.Debug|Any CPU.Build.0 = Debug|Any CPU
		{0CB3C5E9-3BF9-4374-BE59-A0B0C9791B16}.Debug|ARM.ActiveCfg = Debug|Any CPU
		{0CB3C5E9-3BF9-4374-BE59-A0B0C9791B16}.Debug|ARM.Build.0 = Debug|Any CPU
		{0CB3C5E9-3BF9-4374-BE59-A0B0C9791B16}.Debug|ARM64.ActiveCfg = Debug|Any CPU
		{0CB3C5E9-3BF9-4374-BE59-A0B0C9791B16}.Debug|ARM64.Build.0 = Debug|Any CPU
		{0CB3C5E9-3BF9-4374-BE59-A0B0C9791B16}.Debug|x64.ActiveCfg = Debug|Any CPU
		{0CB3C5E9-3BF9-4374-BE59-A0B0C9791B16}.Debug|x64.Build.0 = Debug|Any CPU
		{0CB3C5E9-3BF9-4374-BE59-A0B0C9791B16}.Debug|x86.ActiveCfg = Debug|Any CPU
		{0CB3C5E9-3BF9-4374-BE59-A0B0C9791B16}.Debug|x86.Build.0 = Debug|Any CPU
		{0CB3C5E9-3BF9-4374-BE59-A0B0C9791B16}.Release|Any CPU.ActiveCfg = Release|Any CPU
		{0CB3C5E9-3BF9-4374-BE59-A0B0C9791B16}.Release|Any CPU.Build.0 = Release|Any CPU
		{0CB3C5E9-3BF9-4374-BE59-A0B0C9791B16}.Release|ARM.ActiveCfg = Release|Any CPU
		{0CB3C5E9-3BF9-4374-BE59-A0B0C9791B16}.Release|ARM.Build.0 = Release|Any CPU
		{0CB3C5E9-3BF9-4374-BE59-A0B0C9791B16}.Release|ARM64.ActiveCfg = Release|Any CPU
		{0CB3C5E9-3BF9-4374-BE59-A0B0C9791B16}.Release|ARM64.Build.0 = Release|Any CPU
		{0CB3C5E9-3BF9-4374-BE59-A0B0C9791B16}.Release|x64.ActiveCfg = Release|Any CPU
		{0CB3C5E9-3BF9-4374-BE59-A0B0C9791B16}.Release|x64.Build.0 = Release|Any CPU
		{0CB3C5E9-3BF9-4374-BE59-A0B0C9791B16}.Release|x86.ActiveCfg = Release|Any CPU
		{0CB3C5E9-3BF9-4374-BE59-A0B0C9791B16}.Release|x86.Build.0 = Release|Any CPU
		{A3B11D04-8027-402C-9325-FA2EE9D2B342}.Debug|Any CPU.ActiveCfg = Debug|Any CPU
		{A3B11D04-8027-402C-9325-FA2EE9D2B342}.Debug|Any CPU.Build.0 = Debug|Any CPU
		{A3B11D04-8027-402C-9325-FA2EE9D2B342}.Debug|ARM.ActiveCfg = Debug|Any CPU
		{A3B11D04-8027-402C-9325-FA2EE9D2B342}.Debug|ARM.Build.0 = Debug|Any CPU
		{A3B11D04-8027-402C-9325-FA2EE9D2B342}.Debug|ARM64.ActiveCfg = Debug|Any CPU
		{A3B11D04-8027-402C-9325-FA2EE9D2B342}.Debug|ARM64.Build.0 = Debug|Any CPU
		{A3B11D04-8027-402C-9325-FA2EE9D2B342}.Debug|x64.ActiveCfg = Debug|Any CPU
		{A3B11D04-8027-402C-9325-FA2EE9D2B342}.Debug|x64.Build.0 = Debug|Any CPU
		{A3B11D04-8027-402C-9325-FA2EE9D2B342}.Debug|x86.ActiveCfg = Debug|Any CPU
		{A3B11D04-8027-402C-9325-FA2EE9D2B342}.Debug|x86.Build.0 = Debug|Any CPU
		{A3B11D04-8027-402C-9325-FA2EE9D2B342}.Release|Any CPU.ActiveCfg = Release|Any CPU
		{A3B11D04-8027-402C-9325-FA2EE9D2B342}.Release|Any CPU.Build.0 = Release|Any CPU
		{A3B11D04-8027-402C-9325-FA2EE9D2B342}.Release|ARM.ActiveCfg = Release|Any CPU
		{A3B11D04-8027-402C-9325-FA2EE9D2B342}.Release|ARM.Build.0 = Release|Any CPU
		{A3B11D04-8027-402C-9325-FA2EE9D2B342}.Release|ARM64.ActiveCfg = Release|Any CPU
		{A3B11D04-8027-402C-9325-FA2EE9D2B342}.Release|ARM64.Build.0 = Release|Any CPU
		{A3B11D04-8027-402C-9325-FA2EE9D2B342}.Release|x64.ActiveCfg = Release|Any CPU
		{A3B11D04-8027-402C-9325-FA2EE9D2B342}.Release|x64.Build.0 = Release|Any CPU
		{A3B11D04-8027-402C-9325-FA2EE9D2B342}.Release|x86.ActiveCfg = Release|Any CPU
		{A3B11D04-8027-402C-9325-FA2EE9D2B342}.Release|x86.Build.0 = Release|Any CPU
		{7983F683-10E0-4C56-B5EA-30B54E2832E9}.Debug|Any CPU.ActiveCfg = Debug|Any CPU
		{7983F683-10E0-4C56-B5EA-30B54E2832E9}.Debug|Any CPU.Build.0 = Debug|Any CPU
		{7983F683-10E0-4C56-B5EA-30B54E2832E9}.Debug|ARM.ActiveCfg = Debug|Any CPU
		{7983F683-10E0-4C56-B5EA-30B54E2832E9}.Debug|ARM.Build.0 = Debug|Any CPU
		{7983F683-10E0-4C56-B5EA-30B54E2832E9}.Debug|ARM64.ActiveCfg = Debug|Any CPU
		{7983F683-10E0-4C56-B5EA-30B54E2832E9}.Debug|ARM64.Build.0 = Debug|Any CPU
		{7983F683-10E0-4C56-B5EA-30B54E2832E9}.Debug|x64.ActiveCfg = Debug|Any CPU
		{7983F683-10E0-4C56-B5EA-30B54E2832E9}.Debug|x64.Build.0 = Debug|Any CPU
		{7983F683-10E0-4C56-B5EA-30B54E2832E9}.Debug|x86.ActiveCfg = Debug|Any CPU
		{7983F683-10E0-4C56-B5EA-30B54E2832E9}.Debug|x86.Build.0 = Debug|Any CPU
		{7983F683-10E0-4C56-B5EA-30B54E2832E9}.Release|Any CPU.ActiveCfg = Release|Any CPU
		{7983F683-10E0-4C56-B5EA-30B54E2832E9}.Release|Any CPU.Build.0 = Release|Any CPU
		{7983F683-10E0-4C56-B5EA-30B54E2832E9}.Release|ARM.ActiveCfg = Release|Any CPU
		{7983F683-10E0-4C56-B5EA-30B54E2832E9}.Release|ARM.Build.0 = Release|Any CPU
		{7983F683-10E0-4C56-B5EA-30B54E2832E9}.Release|ARM64.ActiveCfg = Release|Any CPU
		{7983F683-10E0-4C56-B5EA-30B54E2832E9}.Release|ARM64.Build.0 = Release|Any CPU
		{7983F683-10E0-4C56-B5EA-30B54E2832E9}.Release|x64.ActiveCfg = Release|Any CPU
		{7983F683-10E0-4C56-B5EA-30B54E2832E9}.Release|x64.Build.0 = Release|Any CPU
		{7983F683-10E0-4C56-B5EA-30B54E2832E9}.Release|x86.ActiveCfg = Release|Any CPU
		{7983F683-10E0-4C56-B5EA-30B54E2832E9}.Release|x86.Build.0 = Release|Any CPU
		{B87EB23D-AFC8-4135-835A-2BF5AB4CE6CF}.Debug|Any CPU.ActiveCfg = Debug|Any CPU
		{B87EB23D-AFC8-4135-835A-2BF5AB4CE6CF}.Debug|Any CPU.Build.0 = Debug|Any CPU
		{B87EB23D-AFC8-4135-835A-2BF5AB4CE6CF}.Debug|ARM.ActiveCfg = Debug|Any CPU
		{B87EB23D-AFC8-4135-835A-2BF5AB4CE6CF}.Debug|ARM.Build.0 = Debug|Any CPU
		{B87EB23D-AFC8-4135-835A-2BF5AB4CE6CF}.Debug|ARM64.ActiveCfg = Debug|Any CPU
		{B87EB23D-AFC8-4135-835A-2BF5AB4CE6CF}.Debug|ARM64.Build.0 = Debug|Any CPU
		{B87EB23D-AFC8-4135-835A-2BF5AB4CE6CF}.Debug|x64.ActiveCfg = Debug|Any CPU
		{B87EB23D-AFC8-4135-835A-2BF5AB4CE6CF}.Debug|x64.Build.0 = Debug|Any CPU
		{B87EB23D-AFC8-4135-835A-2BF5AB4CE6CF}.Debug|x86.ActiveCfg = Debug|Any CPU
		{B87EB23D-AFC8-4135-835A-2BF5AB4CE6CF}.Debug|x86.Build.0 = Debug|Any CPU
		{B87EB23D-AFC8-4135-835A-2BF5AB4CE6CF}.Release|Any CPU.ActiveCfg = Release|Any CPU
		{B87EB23D-AFC8-4135-835A-2BF5AB4CE6CF}.Release|Any CPU.Build.0 = Release|Any CPU
		{B87EB23D-AFC8-4135-835A-2BF5AB4CE6CF}.Release|ARM.ActiveCfg = Release|Any CPU
		{B87EB23D-AFC8-4135-835A-2BF5AB4CE6CF}.Release|ARM.Build.0 = Release|Any CPU
		{B87EB23D-AFC8-4135-835A-2BF5AB4CE6CF}.Release|ARM64.ActiveCfg = Release|Any CPU
		{B87EB23D-AFC8-4135-835A-2BF5AB4CE6CF}.Release|ARM64.Build.0 = Release|Any CPU
		{B87EB23D-AFC8-4135-835A-2BF5AB4CE6CF}.Release|x64.ActiveCfg = Release|Any CPU
		{B87EB23D-AFC8-4135-835A-2BF5AB4CE6CF}.Release|x64.Build.0 = Release|Any CPU
		{B87EB23D-AFC8-4135-835A-2BF5AB4CE6CF}.Release|x86.ActiveCfg = Release|Any CPU
		{B87EB23D-AFC8-4135-835A-2BF5AB4CE6CF}.Release|x86.Build.0 = Release|Any CPU
	EndGlobalSection
	GlobalSection(SolutionProperties) = preSolution
		HideSolutionNode = FALSE
	EndGlobalSection
	GlobalSection(NestedProjects) = preSolution
		{F78408EA-5C44-464D-8C79-0D9B12ECC047} = {89E27FAC-41EE-47EB-B2AA-EF3958DA1C5E}
		{A9FB1FCE-F450-4E3D-ADCD-3FCC7DF9E57F} = {89E27FAC-41EE-47EB-B2AA-EF3958DA1C5E}
		{8EF6B490-AB7E-4030-8FC4-47A693AC93A7} = {24E1B759-978D-4444-93B8-E473250172D9}
		{0CB3C5E9-3BF9-4374-BE59-A0B0C9791B16} = {89E27FAC-41EE-47EB-B2AA-EF3958DA1C5E}
		{A3B11D04-8027-402C-9325-FA2EE9D2B342} = {89E27FAC-41EE-47EB-B2AA-EF3958DA1C5E}
		{7983F683-10E0-4C56-B5EA-30B54E2832E9} = {B0BBF9EC-5B0E-48E7-8A77-79DBE7B80F20}
		{B87EB23D-AFC8-4135-835A-2BF5AB4CE6CF} = {89E27FAC-41EE-47EB-B2AA-EF3958DA1C5E}
	EndGlobalSection
	GlobalSection(ExtensibilityGlobals) = postSolution
		SolutionGuid = {3F169617-A31D-4924-8A65-A58082AF0D69}
	EndGlobalSection
EndGlobal
